
Microsoft Visual Studio Solution File, Format Version 12.00
# Visual Studio Version 17
VisualStudioVersion = 17.13.35828.75 d17.13
MinimumVisualStudioVersion = 10.0.40219.1
Project("{FAE04EC0-301F-11D3-BF4B-00C04F79EFBC}") = "Ntahlah", "Ntahlah\Ntahlah.csproj", "{B6CB21F2-7A80-4DA1-87AC-55A6586769B0}"
EndProject
Global
	GlobalSection(SolutionConfigurationPlatforms) = preSolution
		Debug|Any CPU = Debug|Any CPU
		Release|Any CPU = Release|Any CPU
	EndGlobalSection
	GlobalSection(ProjectConfigurationPlatforms) = postSolution
		{B6CB21F2-7A80-4DA1-87AC-55A6586769B0}.Debug|Any CPU.ActiveCfg = Debug|Any CPU
		{B6CB21F2-7A80-4DA1-87AC-55A6586769B0}.Debug|Any CPU.Build.0 = Debug|Any CPU
		{B6CB21F2-7A80-4DA1-87AC-55A6586769B0}.Release|Any CPU.ActiveCfg = Release|Any CPU
		{B6CB21F2-7A80-4DA1-87AC-55A6586769B0}.Release|Any CPU.Build.0 = Release|Any CPU
	EndGlobalSection
	GlobalSection(SolutionProperties) = preSolution
		HideSolutionNode = FALSE
	EndGlobalSection
	GlobalSection(ExtensibilityGlobals) = postSolution
		SolutionGuid = {CAE0E5C6-91FB-4D24-9A5C-1F0CD38FB198}
	EndGlobalSection
EndGlobal
